
Microsoft Visual Studio Solution File, Format Version 12.00
# Visual Studio 15
VisualStudioVersion = 15.0.26403.7
MinimumVisualStudioVersion = 10.0.40219.1
Project("{FAE04EC0-301F-11D3-BF4B-00C04F79EFBC}") = "IselTech17Event.PresentationWeb", "IselTech17Event.PresentationWeb\IselTech17Event.PresentationWeb.csproj", "{1B7C678C-EDA8-4FC2-B0FF-0870A8C8721E}"
EndProject
Project("{FAE04EC0-301F-11D3-BF4B-00C04F79EFBC}") = "IselTech17Event.Services", "IselTech17Event.Services\IselTech17Event.Services.csproj", "{F970FEFC-5BF2-4ABB-8367-C44CEE8C0800}"
EndProject
Project("{FAE04EC0-301F-11D3-BF4B-00C04F79EFBC}") = "IselTech17Event.DTOs", "IselTech17Event.DTOs\IselTech17Event.DTOs.csproj", "{B1F9A3F8-2749-4791-A170-251A2682D91E}"
EndProject
Global
	GlobalSection(SolutionConfigurationPlatforms) = preSolution
		Debug|Any CPU = Debug|Any CPU
		Release|Any CPU = Release|Any CPU
	EndGlobalSection
	GlobalSection(ProjectConfigurationPlatforms) = postSolution
		{1B7C678C-EDA8-4FC2-B0FF-0870A8C8721E}.Debug|Any CPU.ActiveCfg = Debug|Any CPU
		{1B7C678C-EDA8-4FC2-B0FF-0870A8C8721E}.Debug|Any CPU.Build.0 = Debug|Any CPU
		{1B7C678C-EDA8-4FC2-B0FF-0870A8C8721E}.Release|Any CPU.ActiveCfg = Release|Any CPU
		{1B7C678C-EDA8-4FC2-B0FF-0870A8C8721E}.Release|Any CPU.Build.0 = Release|Any CPU
		{F970FEFC-5BF2-4ABB-8367-C44CEE8C0800}.Debug|Any CPU.ActiveCfg = Debug|Any CPU
		{F970FEFC-5BF2-4ABB-8367-C44CEE8C0800}.Debug|Any CPU.Build.0 = Debug|Any CPU
		{F970FEFC-5BF2-4ABB-8367-C44CEE8C0800}.Release|Any CPU.ActiveCfg = Release|Any CPU
		{F970FEFC-5BF2-4ABB-8367-C44CEE8C0800}.Release|Any CPU.Build.0 = Release|Any CPU
		{B1F9A3F8-2749-4791-A170-251A2682D91E}.Debug|Any CPU.ActiveCfg = Debug|Any CPU
		{B1F9A3F8-2749-4791-A170-251A2682D91E}.Debug|Any CPU.Build.0 = Debug|Any CPU
		{B1F9A3F8-2749-4791-A170-251A2682D91E}.Release|Any CPU.ActiveCfg = Release|Any CPU
		{B1F9A3F8-2749-4791-A170-251A2682D91E}.Release|Any CPU.Build.0 = Release|Any CPU
	EndGlobalSection
	GlobalSection(SolutionProperties) = preSolution
		HideSolutionNode = FALSE
	EndGlobalSection
EndGlobal
